// !$*UTF8*$!
{
	archiveVersion = 1;
	classes = {
	};
	objectVersion = 46;
	objects = {

/* Begin PBXBuildFile section */
		C95A30CC1E1BEE75008444C3 /* main.m in Sources */ = {isa = PBXBuildFile; fileRef = C95A30CB1E1BEE75008444C3 /* main.m */; };
		C95A30CF1E1BEE75008444C3 /* AppDelegate.m in Sources */ = {isa = PBXBuildFile; fileRef = C95A30CE1E1BEE75008444C3 /* AppDelegate.m */; };
		C95A30D21E1BEE75008444C3 /* ViewController.m in Sources */ = {isa = PBXBuildFile; fileRef = C95A30D11E1BEE75008444C3 /* ViewController.m */; };
		C95A30D51E1BEE75008444C3 /* Main.storyboard in Resources */ = {isa = PBXBuildFile; fileRef = C95A30D31E1BEE75008444C3 /* Main.storyboard */; };
		C95A30D81E1BEE75008444C3 /* project234.xcdatamodeld in Sources */ = {isa = PBXBuildFile; fileRef = C95A30D61E1BEE75008444C3 /* project234.xcdatamodeld */; };
		C95A30DA1E1BEE75008444C3 /* Assets.xcassets in Resources */ = {isa = PBXBuildFile; fileRef = C95A30D91E1BEE75008444C3 /* Assets.xcassets */; };
		C95A30DD1E1BEE75008444C3 /* LaunchScreen.storyboard in Resources */ = {isa = PBXBuildFile; fileRef = C95A30DB1E1BEE75008444C3 /* LaunchScreen.storyboard */; };
/* End PBXBuildFile section */

/* Begin PBXFileReference section */
		C95A30C71E1BEE75008444C3 /* project234.app */ = {isa = PBXFileReference; explicitFileType = wrapper.application; includeInIndex = 0; path = project234.app; sourceTree = BUILT_PRODUCTS_DIR; };
		C95A30CB1E1BEE75008444C3 /* main.m */ = {isa = PBXFileReference; lastKnownFileType = sourcecode.c.objc; path = main.m; sourceTree = "<group>"; };
		C95A30CD1E1BEE75008444C3 /* AppDelegate.h */ = {isa = PBXFileReference; lastKnownFileType = sourcecode.c.h; path = AppDelegate.h; sourceTree = "<group>"; };
		C95A30CE1E1BEE75008444C3 /* AppDelegate.m */ = {isa = PBXFileReference; lastKnownFileType = sourcecode.c.objc; path = AppDelegate.m; sourceTree = "<group>"; };
		C95A30D01E1BEE75008444C3 /* ViewController.h */ = {isa = PBXFileReference; lastKnownFileType = sourcecode.c.h; path = ViewController.h; sourceTree = "<group>"; };
		C95A30D11E1BEE75008444C3 /* ViewController.m */ = {isa = PBXFileReference; lastKnownFileType = sourcecode.c.objc; path = ViewController.m; sourceTree = "<group>"; };
		C95A30D41E1BEE75008444C3 /* Base */ = {isa = PBXFileReference; lastKnownFileType = file.storyboard; name = Base; path = Base.lproj/Main.storyboard; sourceTree = "<group>"; };
		C95A30D71E1BEE75008444C3 /* project234.xcdatamodel */ = {isa = PBXFileReference; lastKnownFileType = wrapper.xcdatamodel; path = project234.xcdatamodel; sourceTree = "<group>"; };
		C95A30D91E1BEE75008444C3 /* Assets.xcassets */ = {isa = PBXFileReference; lastKnownFileType = folder.assetcatalog; path = Assets.xcassets; sourceTree = "<group>"; };
		C95A30DC1E1BEE75008444C3 /* Base */ = {isa = PBXFileReference; lastKnownFileType = file.storyboard; name = Base; path = Base.lproj/LaunchScreen.storyboard; sourceTree = "<group>"; };
		C95A30DE1E1BEE75008444C3 /* Info.plist */ = {isa = PBXFileReference; lastKnownFileType = text.plist.xml; path = Info.plist; sourceTree = "<group>"; };
/* End PBXFileReference section */

/* Begin PBXFrameworksBuildPhase section */
		C95A30C41E1BEE75008444C3 /* Frameworks */ = {
			isa = PBXFrameworksBuildPhase;
			buildActionMask = 2147483647;
			files = (
			);
			runOnlyForDeploymentPostprocessing = 0;
		};
/* End PBXFrameworksBuildPhase section */

/* Begin PBXGroup section */
		C95A30BE1E1BEE75008444C3 = {
			isa = PBXGroup;
			children = (
				C95A30C91E1BEE75008444C3 /* project234 */,
				C95A30C81E1BEE75008444C3 /* Products */,
			);
			sourceTree = "<group>";
		};
		C95A30C81E1BEE75008444C3 /* Products */ = {
			isa = PBXGroup;
			children = (
				C95A30C71E1BEE75008444C3 /* project234.app */,
			);
			name = Products;
			sourceTree = "<group>";
		};
		C95A30C91E1BEE75008444C3 /* project234 */ = {
			isa = PBXGroup;
			children = (
				C95A30CD1E1BEE75008444C3 /* AppDelegate.h */,
				C95A30CE1E1BEE75008444C3 /* AppDelegate.m */,
				C95A30D01E1BEE75008444C3 /* ViewController.h */,
				C95A30D11E1BEE75008444C3 /* ViewController.m */,
				C95A30D31E1BEE75008444C3 /* Main.storyboard */,
				C95A30D91E1BEE75008444C3 /* Assets.xcassets */,
				C95A30DB1E1BEE75008444C3 /* LaunchScreen.storyboard */,
				C95A30DE1E1BEE75008444C3 /* Info.plist */,
				C95A30D61E1BEE75008444C3 /* project234.xcdatamodeld */,
				C95A30CA1E1BEE75008444C3 /* Supporting Files */,
			);
			path = project234;
			sourceTree = "<group>";
		};
		C95A30CA1E1BEE75008444C3 /* Supporting Files */ = {
			isa = PBXGroup;
			children = (
				C95A30CB1E1BEE75008444C3 /* main.m */,
			);
			name = "Supporting Files";
			sourceTree = "<group>";
		};
/* End PBXGroup section */

/* Begin PBXNativeTarget section */
		C95A30C61E1BEE75008444C3 /* project234 */ = {
			isa = PBXNativeTarget;
			buildConfigurationList = C95A30E11E1BEE75008444C3 /* Build configuration list for PBXNativeTarget "project234" */;
			buildPhases = (
				C95A30C31E1BEE75008444C3 /* Sources */,
				C95A30C41E1BEE75008444C3 /* Frameworks */,
				C95A30C51E1BEE75008444C3 /* Resources */,
			);
			buildRules = (
			);
			dependencies = (
			);
			name = project234;
			productName = project234;
			productReference = C95A30C71E1BEE75008444C3 /* project234.app */;
			productType = "com.apple.product-type.application";
		};
/* End PBXNativeTarget section */

/* Begin PBXProject section */
		C95A30BF1E1BEE75008444C3 /* Project object */ = {
			isa = PBXProject;
			attributes = {
				LastUpgradeCheck = 0710;
				ORGANIZATIONNAME = "Naidu's";
				TargetAttributes = {
					C95A30C61E1BEE75008444C3 = {
						CreatedOnToolsVersion = 7.1;
					};
				};
			};
			buildConfigurationList = C95A30C21E1BEE75008444C3 /* Build configuration list for PBXProject "project234" */;
			compatibilityVersion = "Xcode 3.2";
			developmentRegion = English;
			hasScannedForEncodings = 0;
			knownRegions = (
				en,
				Base,
			);
			mainGroup = C95A30BE1E1BEE75008444C3;
			productRefGroup = C95A30C81E1BEE75008444C3 /* Products */;
			projectDirPath = "";
			projectRoot = "";
			targets = (
				C95A30C61E1BEE75008444C3 /* project234 */,
			);
		};
/* End PBXProject section */

/* Begin PBXResourcesBuildPhase section */
		C95A30C51E1BEE75008444C3 /* Resources */ = {
			isa = PBXResourcesBuildPhase;
			buildActionMask = 2147483647;
			files = (
				C95A30DD1E1BEE75008444C3 /* LaunchScreen.storyboard in Resources */,
				C95A30DA1E1BEE75008444C3 /* Assets.xcassets in Resources */,
				C95A30D51E1BEE75008444C3 /* Main.storyboard in Resources */,
			);
			runOnlyForDeploymentPostprocessing = 0;
		};
/* End PBXResourcesBuildPhase section */

/* Begin PBXSourcesBuildPhase section */
		C95A30C31E1BEE75008444C3 /* Sources */ = {
			isa = PBXSourcesBuildPhase;
			buildActionMask = 2147483647;
			files = (
				C95A30D21E1BEE75008444C3 /* ViewController.m in Sources */,
				C95A30CF1E1BEE75008444C3 /* AppDelegate.m in Sources */,
				C95A30CC1E1BEE75008444C3 /* main.m in Sources */,
				C95A30D81E1BEE75008444C3 /* project234.xcdatamodeld in Sources */,
			);
			runOnlyForDeploymentPostprocessing = 0;
		};
/* End PBXSourcesBuildPhase section */

/* Begin PBXVariantGroup section */
		C95A30D31E1BEE75008444C3 /* Main.storyboard */ = {
			isa = PBXVariantGroup;
			children = (
				C95A30D41E1BEE75008444C3 /* Base */,
			);
			name = Main.storyboard;
			sourceTree = "<group>";
		};
		C95A30DB1E1BEE75008444C3 /* LaunchScreen.storyboard */ = {
			isa = PBXVariantGroup;
			children = (
				C95A30DC1E1BEE75008444C3 /* Base */,
			);
			name = LaunchScreen.storyboard;
			sourceTree = "<group>";
		};
/* End PBXVariantGroup section */

/* Begin XCBuildConfiguration section */
		C95A30DF1E1BEE75008444C3 /* Debug */ = {
			isa = XCBuildConfiguration;
			buildSettings = {
				ALWAYS_SEARCH_USER_PATHS = NO;
				CLANG_CXX_LANGUAGE_STANDARD = "gnu++0x";
				CLANG_CXX_LIBRARY = "libc++";
				CLANG_ENABLE_MODULES = YES;
				CLANG_ENABLE_OBJC_ARC = YES;
				CLANG_WARN_BOOL_CONVERSION = YES;
				CLANG_WARN_CONSTANT_CONVERSION = YES;
				CLANG_WARN_DIRECT_OBJC_ISA_USAGE = YES_ERROR;
				CLANG_WARN_EMPTY_BODY = YES;
				CLANG_WARN_ENUM_CONVERSION = YES;
				CLANG_WARN_INT_CONVERSION = YES;
				CLANG_WARN_OBJC_ROOT_CLASS = YES_ERROR;
				CLANG_WARN_UNREACHABLE_CODE = YES;
				CLANG_WARN__DUPLICATE_METHOD_MATCH = YES;
				"CODE_SIGN_IDENTITY[sdk=iphoneos*]" = "iPhone Developer";
				COPY_PHASE_STRIP = NO;
				DEBUG_INFORMATION_FORMAT = dwarf;
				ENABLE_STRICT_OBJC_MSGSEND = YES;
				ENABLE_TESTABILITY = YES;
				GCC_C_LANGUAGE_STANDARD = gnu99;
				GCC_DYNAMIC_NO_PIC = NO;
				GCC_NO_COMMON_BLOCKS = YES;
				GCC_OPTIMIZATION_LEVEL = 0;
				GCC_PREPROCESSOR_DEFINITIONS = (
					"DEBUG=1",
					"$(inherited)",
				);
				GCC_WARN_64_TO_32_BIT_CONVERSION = YES;
				GCC_WARN_ABOUT_RETURN_TYPE = YES_ERROR;
				GCC_WARN_UNDECLARED_SELECTOR = YES;
				GCC_WARN_UNINITIALIZED_AUTOS = YES_AGGRESSIVE;
				GCC_WARN_UNUSED_FUNCTION = YES;
				GCC_WARN_UNUSED_VARIABLE = YES;
				IPHONEOS_DEPLOYMENT_TARGET = 9.1;
				MTL_ENABLE_DEBUG_INFO = YES;
				ONLY_ACTIVE_ARCH = YES;
				SDKROOT = iphoneos;
			};
			name = Debug;
		};
		C95A30E01E1BEE75008444C3 /* Release */ = {
			isa = XCBuildConfiguration;
			buildSettings = {
				ALWAYS_SEARCH_USER_PATHS = NO;
				CLANG_CXX_LANGUAGE_STANDARD = "gnu++0x";
				CLANG_CXX_LIBRARY = "libc++";
				CLANG_ENABLE_MODULES = YES;
				CLANG_ENABLE_OBJC_ARC = YES;
				CLANG_WARN_BOOL_CONVERSION = YES;
				CLANG_WARN_CONSTANT_CONVERSION = YES;
				CLANG_WARN_DIRECT_OBJC_ISA_USAGE = YES_ERROR;
				CLANG_WARN_EMPTY_BODY = YES;
				CLANG_WARN_ENUM_CONVERSION = YES;
				CLANG_WARN_INT_CONVERSION = YES;
				CLANG_WARN_OBJC_ROOT_CLASS = YES_ERROR;
				CLANG_WARN_UNREACHABLE_CODE = YES;
				CLANG_WARN__DUPLICATE_METHOD_MATCH = YES;
				"CODE_SIGN_IDENTITY[sdk=iphoneos*]" = "iPhone Developer";
				COPY_PHASE_STRIP = NO;
				DEBUG_INFORMATION_FORMAT = "dwarf-with-dsym";
				ENABLE_NS_ASSERTIONS = NO;
				ENABLE_STRICT_OBJC_MSGSEND = YES;
				GCC_C_LANGUAGE_STANDARD = gnu99;
				GCC_NO_COMMON_BLOCKS = YES;
				GCC_WARN_64_TO_32_BIT_CONVERSION = YES;
				GCC_WARN_ABOUT_RETURN_TYPE = YES_ERROR;
				GCC_WARN_UNDECLARED_SELECTOR = YES;
				GCC_WARN_UNINITIALIZED_AUTOS = YES_AGGRESSIVE;
				GCC_WARN_UNUSED_FUNCTION = YES;
				GCC_WARN_UNUSED_VARIABLE = YES;
				IPHONEOS_DEPLOYMENT_TARGET = 9.1;
				MTL_ENABLE_DEBUG_INFO = NO;
				SDKROOT = iphoneos;
				VALIDATE_PRODUCT = YES;
			};
			name = Release;
		};
		C95A30E21E1BEE75008444C3 /* Debug */ = {
			isa = XCBuildConfiguration;
			buildSettings = {
				ASSETCATALOG_COMPILER_APPICON_NAME = AppIcon;
				INFOPLIST_FILE = project234/Info.plist;
				LD_RUNPATH_SEARCH_PATHS = "$(inherited) @executable_path/Frameworks";
				PRODUCT_BUNDLE_IDENTIFIER = com.naidu.autolayout.project234;
				PRODUCT_NAME = "$(TARGET_NAME)";
			};
			name = Debug;
		};
		C95A30E31E1BEE75008444C3 /* Release */ = {
			isa = XCBuildConfiguration;
			buildSettings = {
				ASSETCATALOG_COMPILER_APPICON_NAME = AppIcon;
				INFOPLIST_FILE = project234/Info.plist;
				LD_RUNPATH_SEARCH_PATHS = "$(inherited) @executable_path/Frameworks";
				PRODUCT_BUNDLE_IDENTIFIER = com.naidu.autolayout.project234;
				PRODUCT_NAME = "$(TARGET_NAME)";
			};
			name = Release;
		};
/* End XCBuildConfiguration section */

/* Begin XCConfigurationList section */
		C95A30C21E1BEE75008444C3 /* Build configuration list for PBXProject "project234" */ = {
			isa = XCConfigurationList;
			buildConfigurations = (
				C95A30DF1E1BEE75008444C3 /* Debug */,
				C95A30E01E1BEE75008444C3 /* Release */,
			);
			defaultConfigurationIsVisible = 0;
			defaultConfigurationName = Release;
		};
		C95A30E11E1BEE75008444C3 /* Build configuration list for PBXNativeTarget "project234" */ = {
			isa = XCConfigurationList;
			buildConfigurations = (
				C95A30E21E1BEE75008444C3 /* Debug */,
				C95A30E31E1BEE75008444C3 /* Release */,
			);
			defaultConfigurationIsVisible = 0;
		};
/* End XCConfigurationList section */

/* Begin XCVersionGroup section */
		C95A30D61E1BEE75008444C3 /* project234.xcdatamodeld */ = {
			isa = XCVersionGroup;
			children = (
				C95A30D71E1BEE75008444C3 /* project234.xcdatamodel */,
			);
			currentVersion = C95A30D71E1BEE75008444C3 /* project234.xcdatamodel */;
			path = project234.xcdatamodeld;
			sourceTree = "<group>";
			versionGroupType = wrapper.xcdatamodel;
		};
/* End XCVersionGroup section */
	};
	rootObject = C95A30BF1E1BEE75008444C3 /* Project object */;
}
